
Microsoft Visual Studio Solution File, Format Version 12.00
# Visual Studio Version 17
VisualStudioVersion = 17.4.33122.133
MinimumVisualStudioVersion = 10.0.40219.1
Project("{FAE04EC0-301F-11D3-BF4B-00C04F79EFBC}") = "graphql_demo", "graphql_demo\graphql_demo.csproj", "{B04183EB-C1A1-4E3E-B1B6-0F9BC1B0BD98}"
EndProject
Global
	GlobalSection(SolutionConfigurationPlatforms) = preSolution
		Debug|Any CPU = Debug|Any CPU
		Release|Any CPU = Release|Any CPU
	EndGlobalSection
	GlobalSection(ProjectConfigurationPlatforms) = postSolution
		{B04183EB-C1A1-4E3E-B1B6-0F9BC1B0BD98}.Debug|Any CPU.ActiveCfg = Debug|Any CPU
		{B04183EB-C1A1-4E3E-B1B6-0F9BC1B0BD98}.Debug|Any CPU.Build.0 = Debug|Any CPU
		{B04183EB-C1A1-4E3E-B1B6-0F9BC1B0BD98}.Release|Any CPU.ActiveCfg = Release|Any CPU
		{B04183EB-C1A1-4E3E-B1B6-0F9BC1B0BD98}.Release|Any CPU.Build.0 = Release|Any CPU
	EndGlobalSection
	GlobalSection(SolutionProperties) = preSolution
		HideSolutionNode = FALSE
	EndGlobalSection
	GlobalSection(ExtensibilityGlobals) = postSolution
		SolutionGuid = {B2862AA5-B381-4D2E-9D51-6FD4B8FC8CA9}
	EndGlobalSection
EndGlobal
